
Microsoft Visual Studio Solution File, Format Version 12.00
# Visual Studio Version 16
VisualStudioVersion = 16.0.33920.266
MinimumVisualStudioVersion = 10.0.40219.1
Project("{FAE04EC0-301F-11D3-BF4B-00C04F79EFBC}") = "Utilerias", "MaSysAgro\Utilerias.csproj", "{36E5D5AA-8633-4A16-A4F5-D20EDF1A2418}"
EndProject
Project("{FAE04EC0-301F-11D3-BF4B-00C04F79EFBC}") = "ClsDatSysAgro", "ClsDatSysAgro\ClsDatSysAgro.csproj", "{BB055713-D642-4A3F-9C72-53AC6AED52CC}"
EndProject
Project("{FAE04EC0-301F-11D3-BF4B-00C04F79EFBC}") = "ClsNegSysAgro", "ClsNegSysAgro\ClsNegSysAgro.csproj", "{97796CE1-9B59-4EF1-9C8E-5F5798AE7B84}"
EndProject
Project("{FAE04EC0-301F-11D3-BF4B-00C04F79EFBC}") = "ClsModSysAgro", "ClsModSysAgro\ClsModSysAgro.csproj", "{CCA06ABE-3DE1-44D2-B1C1-416A07F6F92C}"
EndProject
Project("{FAE04EC0-301F-11D3-BF4B-00C04F79EFBC}") = "SysAgroWeb", "SysAgroWeb\SysAgroWeb.csproj", "{B276E60C-A6E2-4CAF-971D-D47F8BC14E95}"
EndProject
Project("{FAE04EC0-301F-11D3-BF4B-00C04F79EFBC}") = "SysAgroAp", "SysAgroAp\SysAgroAp.csproj", "{AE9631B1-7556-46BB-99EF-44B31E981402}"
EndProject
Global
	GlobalSection(SolutionConfigurationPlatforms) = preSolution
		Debug|Any CPU = Debug|Any CPU
		Release|Any CPU = Release|Any CPU
	EndGlobalSection
	GlobalSection(ProjectConfigurationPlatforms) = postSolution
		{36E5D5AA-8633-4A16-A4F5-D20EDF1A2418}.Debug|Any CPU.ActiveCfg = Debug|Any CPU
		{36E5D5AA-8633-4A16-A4F5-D20EDF1A2418}.Debug|Any CPU.Build.0 = Debug|Any CPU
		{36E5D5AA-8633-4A16-A4F5-D20EDF1A2418}.Release|Any CPU.ActiveCfg = Release|Any CPU
		{36E5D5AA-8633-4A16-A4F5-D20EDF1A2418}.Release|Any CPU.Build.0 = Release|Any CPU
		{BB055713-D642-4A3F-9C72-53AC6AED52CC}.Debug|Any CPU.ActiveCfg = Debug|Any CPU
		{BB055713-D642-4A3F-9C72-53AC6AED52CC}.Debug|Any CPU.Build.0 = Debug|Any CPU
		{BB055713-D642-4A3F-9C72-53AC6AED52CC}.Release|Any CPU.ActiveCfg = Release|Any CPU
		{BB055713-D642-4A3F-9C72-53AC6AED52CC}.Release|Any CPU.Build.0 = Release|Any CPU
		{97796CE1-9B59-4EF1-9C8E-5F5798AE7B84}.Debug|Any CPU.ActiveCfg = Debug|Any CPU
		{97796CE1-9B59-4EF1-9C8E-5F5798AE7B84}.Debug|Any CPU.Build.0 = Debug|Any CPU
		{97796CE1-9B59-4EF1-9C8E-5F5798AE7B84}.Release|Any CPU.ActiveCfg = Release|Any CPU
		{97796CE1-9B59-4EF1-9C8E-5F5798AE7B84}.Release|Any CPU.Build.0 = Release|Any CPU
		{CCA06ABE-3DE1-44D2-B1C1-416A07F6F92C}.Debug|Any CPU.ActiveCfg = Debug|Any CPU
		{CCA06ABE-3DE1-44D2-B1C1-416A07F6F92C}.Debug|Any CPU.Build.0 = Debug|Any CPU
		{CCA06ABE-3DE1-44D2-B1C1-416A07F6F92C}.Release|Any CPU.ActiveCfg = Release|Any CPU
		{CCA06ABE-3DE1-44D2-B1C1-416A07F6F92C}.Release|Any CPU.Build.0 = Release|Any CPU
		{B276E60C-A6E2-4CAF-971D-D47F8BC14E95}.Debug|Any CPU.ActiveCfg = Debug|Any CPU
		{B276E60C-A6E2-4CAF-971D-D47F8BC14E95}.Debug|Any CPU.Build.0 = Debug|Any CPU
		{B276E60C-A6E2-4CAF-971D-D47F8BC14E95}.Release|Any CPU.ActiveCfg = Release|Any CPU
		{B276E60C-A6E2-4CAF-971D-D47F8BC14E95}.Release|Any CPU.Build.0 = Release|Any CPU
		{AE9631B1-7556-46BB-99EF-44B31E981402}.Debug|Any CPU.ActiveCfg = Debug|Any CPU
		{AE9631B1-7556-46BB-99EF-44B31E981402}.Debug|Any CPU.Build.0 = Debug|Any CPU
		{AE9631B1-7556-46BB-99EF-44B31E981402}.Release|Any CPU.ActiveCfg = Release|Any CPU
		{AE9631B1-7556-46BB-99EF-44B31E981402}.Release|Any CPU.Build.0 = Release|Any CPU
	EndGlobalSection
	GlobalSection(SolutionProperties) = preSolution
		HideSolutionNode = FALSE
	EndGlobalSection
	GlobalSection(ExtensibilityGlobals) = postSolution
		SolutionGuid = {E6F5060D-87BC-4020-B7FC-1ED2AB1E61D5}
	EndGlobalSection
EndGlobal
